
Microsoft Visual Studio Solution File, Format Version 12.00
# Visual Studio Version 17
VisualStudioVersion = 17.4.33213.308
MinimumVisualStudioVersion = 10.0.40219.1
Project("{FAE04EC0-301F-11D3-BF4B-00C04F79EFBC}") = "calculator", "calculator\calculator.csproj", "{84D9C34F-2E4F-45C8-9B8A-2BD028544BD9}"
EndProject
Global
	GlobalSection(SolutionConfigurationPlatforms) = preSolution
		Debug|Any CPU = Debug|Any CPU
		Release|Any CPU = Release|Any CPU
	EndGlobalSection
	GlobalSection(ProjectConfigurationPlatforms) = postSolution
		{84D9C34F-2E4F-45C8-9B8A-2BD028544BD9}.Debug|Any CPU.ActiveCfg = Debug|Any CPU
		{84D9C34F-2E4F-45C8-9B8A-2BD028544BD9}.Debug|Any CPU.Build.0 = Debug|Any CPU
		{84D9C34F-2E4F-45C8-9B8A-2BD028544BD9}.Release|Any CPU.ActiveCfg = Release|Any CPU
		{84D9C34F-2E4F-45C8-9B8A-2BD028544BD9}.Release|Any CPU.Build.0 = Release|Any CPU
	EndGlobalSection
	GlobalSection(SolutionProperties) = preSolution
		HideSolutionNode = FALSE
	EndGlobalSection
	GlobalSection(ExtensibilityGlobals) = postSolution
		SolutionGuid = {DD371F57-EE01-4A83-817F-E34EAD2607DE}
	EndGlobalSection
EndGlobal
